
Microsoft Visual Studio Solution File, Format Version 12.00
# Visual Studio 14
VisualStudioVersion = 14.0.25123.0
MinimumVisualStudioVersion = 10.0.40219.1
Project("{2150E333-8FDC-42A3-9474-1A3956D46DE8}") = "src", "src", "{84C280FD-92FF-43B6-AC17-346C066CA43E}"
EndProject
Project("{2150E333-8FDC-42A3-9474-1A3956D46DE8}") = "Solution Items", "Solution Items", "{FBC884F7-0689-4356-BD44-9FA3F1270248}"
	ProjectSection(SolutionItems) = preProject
		global.json = global.json
	EndProjectSection
EndProject
Project("{8BB2217D-0F2D-49D1-97BC-3654ED321F3B}") = "SkyWeb", "src\SkyWeb\SkyWeb.xproj", "{A10643FB-5D8F-4614-B05D-CE3C1C7BF203}"
EndProject
Global
	GlobalSection(SolutionConfigurationPlatforms) = preSolution
		Debug|Any CPU = Debug|Any CPU
		Release|Any CPU = Release|Any CPU
	EndGlobalSection
	GlobalSection(ProjectConfigurationPlatforms) = postSolution
		{A10643FB-5D8F-4614-B05D-CE3C1C7BF203}.Debug|Any CPU.ActiveCfg = Debug|Any CPU
		{A10643FB-5D8F-4614-B05D-CE3C1C7BF203}.Debug|Any CPU.Build.0 = Debug|Any CPU
		{A10643FB-5D8F-4614-B05D-CE3C1C7BF203}.Release|Any CPU.ActiveCfg = Release|Any CPU
		{A10643FB-5D8F-4614-B05D-CE3C1C7BF203}.Release|Any CPU.Build.0 = Release|Any CPU
	EndGlobalSection
	GlobalSection(SolutionProperties) = preSolution
		HideSolutionNode = FALSE
	EndGlobalSection
	GlobalSection(NestedProjects) = preSolution
		{A10643FB-5D8F-4614-B05D-CE3C1C7BF203} = {84C280FD-92FF-43B6-AC17-346C066CA43E}
	EndGlobalSection
EndGlobal
